
Microsoft Visual Studio Solution File, Format Version 12.00
# Visual Studio Version 16
VisualStudioVersion = 16.0.32106.194
MinimumVisualStudioVersion = 10.0.40219.1
Project("{FAE04EC0-301F-11D3-BF4B-00C04F79EFBC}") = "piramida", "piramida\piramida.csproj", "{05DB4A68-E751-4E26-8143-C28CD6222C96}"
EndProject
Global
	GlobalSection(SolutionConfigurationPlatforms) = preSolution
		Debug|Any CPU = Debug|Any CPU
		Release|Any CPU = Release|Any CPU
	EndGlobalSection
	GlobalSection(ProjectConfigurationPlatforms) = postSolution
		{05DB4A68-E751-4E26-8143-C28CD6222C96}.Debug|Any CPU.ActiveCfg = Debug|Any CPU
		{05DB4A68-E751-4E26-8143-C28CD6222C96}.Debug|Any CPU.Build.0 = Debug|Any CPU
		{05DB4A68-E751-4E26-8143-C28CD6222C96}.Release|Any CPU.ActiveCfg = Release|Any CPU
		{05DB4A68-E751-4E26-8143-C28CD6222C96}.Release|Any CPU.Build.0 = Release|Any CPU
	EndGlobalSection
	GlobalSection(SolutionProperties) = preSolution
		HideSolutionNode = FALSE
	EndGlobalSection
	GlobalSection(ExtensibilityGlobals) = postSolution
		SolutionGuid = {A124F27B-ED19-4677-BD9D-F5B5A52F6AB6}
	EndGlobalSection
EndGlobal
